#MicroXplorer Configuration settings - do not modify
ADC1.Channel-2\#ChannelRegularConversion=ADC_CHANNEL_19
ADC1.Channel-3\#ChannelRegularConversion=ADC_CHANNEL_4
ADC1.Channel-4\#ChannelRegularConversion=ADC_CHANNEL_8
ADC1.Channel-5\#ChannelRegularConversion=ADC_CHANNEL_10
ADC1.Channel-6\#ChannelRegularConversion=ADC_CHANNEL_11
ADC1.ClockPrescaler=ADC_CLOCK_ASYNC_DIV4
ADC1.ContinuousConvMode=ENABLE
ADC1.ConversionDataManagement=ADC_CONVERSIONDATA_DMA_CIRCULAR
ADC1.IPParameters=Rank-2\#ChannelRegularConversion,Channel-2\#ChannelRegularConversion,SamplingTime-2\#ChannelRegularConversion,OffsetNumber-2\#ChannelRegularConversion,OffsetSignedSaturation-2\#ChannelRegularConversion,NbrOfConversionFlag,master,Rank-3\#ChannelRegularConversion,Channel-3\#ChannelRegularConversion,SamplingTime-3\#ChannelRegularConversion,OffsetNumber-3\#ChannelRegularConversion,OffsetSignedSaturation-3\#ChannelRegularConversion,Rank-4\#ChannelRegularConversion,Channel-4\#ChannelRegularConversion,SamplingTime-4\#ChannelRegularConversion,OffsetNumber-4\#ChannelRegularConversion,OffsetSignedSaturation-4\#ChannelRegularConversion,Rank-5\#ChannelRegularConversion,Channel-5\#ChannelRegularConversion,SamplingTime-5\#ChannelRegularConversion,OffsetNumber-5\#ChannelRegularConversion,OffsetSignedSaturation-5\#ChannelRegularConversion,Rank-6\#ChannelRegularConversion,Channel-6\#ChannelRegularConversion,SamplingTime-6\#ChannelRegularConversion,OffsetNumber-6\#ChannelRegularConversion,OffsetSignedSaturation-6\#ChannelRegularConversion,NbrOfConversion,ContinuousConvMode,ClockPrescaler,Overrun,ConversionDataManagement
ADC1.NbrOfConversion=5
ADC1.NbrOfConversionFlag=1
ADC1.OffsetNumber-2\#ChannelRegularConversion=ADC_OFFSET_NONE
ADC1.OffsetNumber-3\#ChannelRegularConversion=ADC_OFFSET_NONE
ADC1.OffsetNumber-4\#ChannelRegularConversion=ADC_OFFSET_NONE
ADC1.OffsetNumber-5\#ChannelRegularConversion=ADC_OFFSET_NONE
ADC1.OffsetNumber-6\#ChannelRegularConversion=ADC_OFFSET_NONE
ADC1.OffsetSignedSaturation-2\#ChannelRegularConversion=DISABLE
ADC1.OffsetSignedSaturation-3\#ChannelRegularConversion=DISABLE
ADC1.OffsetSignedSaturation-4\#ChannelRegularConversion=DISABLE
ADC1.OffsetSignedSaturation-5\#ChannelRegularConversion=DISABLE
ADC1.OffsetSignedSaturation-6\#ChannelRegularConversion=DISABLE
ADC1.Overrun=ADC_OVR_DATA_PRESERVED
ADC1.Rank-2\#ChannelRegularConversion=1
ADC1.Rank-3\#ChannelRegularConversion=2
ADC1.Rank-4\#ChannelRegularConversion=3
ADC1.Rank-5\#ChannelRegularConversion=4
ADC1.Rank-6\#ChannelRegularConversion=5
ADC1.SamplingTime-2\#ChannelRegularConversion=ADC_SAMPLETIME_64CYCLES_5
ADC1.SamplingTime-3\#ChannelRegularConversion=ADC_SAMPLETIME_64CYCLES_5
ADC1.SamplingTime-4\#ChannelRegularConversion=ADC_SAMPLETIME_64CYCLES_5
ADC1.SamplingTime-5\#ChannelRegularConversion=ADC_SAMPLETIME_64CYCLES_5
ADC1.SamplingTime-6\#ChannelRegularConversion=ADC_SAMPLETIME_64CYCLES_5
ADC1.master=1
ADC3.Channel-2\#ChannelRegularConversion=ADC_CHANNEL_1
ADC3.ClockPrescaler=ADC_CLOCK_ASYNC_DIV4
ADC3.ContinuousConvMode=ENABLE
ADC3.ConversionDataManagement=ADC_CONVERSIONDATA_DR
ADC3.IPParameters=Rank-2\#ChannelRegularConversion,Channel-2\#ChannelRegularConversion,SamplingTime-2\#ChannelRegularConversion,OffsetNumber-2\#ChannelRegularConversion,OffsetSignedSaturation-2\#ChannelRegularConversion,NbrOfConversionFlag,ClockPrescaler,ContinuousConvMode,Overrun,ConversionDataManagement
ADC3.NbrOfConversionFlag=1
ADC3.OffsetNumber-2\#ChannelRegularConversion=ADC_OFFSET_NONE
ADC3.OffsetSignedSaturation-2\#ChannelRegularConversion=DISABLE
ADC3.Overrun=ADC_OVR_DATA_OVERWRITTEN
ADC3.Rank-2\#ChannelRegularConversion=1
ADC3.SamplingTime-2\#ChannelRegularConversion=ADC_SAMPLETIME_64CYCLES_5
CAD.formats=[]
CAD.pinconfig=Dual
CAD.provider=
CORTEX_M7.AccessPermission_S-Cortex_Memory_Protection_Unit_Region1_Settings_S=MPU_REGION_FULL_ACCESS
CORTEX_M7.BaseAddress_S-Cortex_Memory_Protection_Unit_Region1_Settings_S=0x30000000
CORTEX_M7.Enable_S-Cortex_Memory_Protection_Unit_Region1_Settings_S=MPU_REGION_ENABLE
CORTEX_M7.IPParameters=default_mode_Activation,MPU_Control,Enable_S-Cortex_Memory_Protection_Unit_Region1_Settings_S,BaseAddress_S-Cortex_Memory_Protection_Unit_Region1_Settings_S,AccessPermission_S-Cortex_Memory_Protection_Unit_Region1_Settings_S,TypeExtField_S-Cortex_Memory_Protection_Unit_Region1_Settings_S,IsBufferable_S-Cortex_Memory_Protection_Unit_Region1_Settings_S,IsShareable_S-Cortex_Memory_Protection_Unit_Region1_Settings_S,IsCacheable_S-Cortex_Memory_Protection_Unit_Region1_Settings_S,Size_S-Cortex_Memory_Protection_Unit_Region1_Settings_S
CORTEX_M7.IsBufferable_S-Cortex_Memory_Protection_Unit_Region1_Settings_S=MPU_ACCESS_BUFFERABLE
CORTEX_M7.IsCacheable_S-Cortex_Memory_Protection_Unit_Region1_Settings_S=MPU_ACCESS_NOT_CACHEABLE
CORTEX_M7.IsShareable_S-Cortex_Memory_Protection_Unit_Region1_Settings_S=MPU_ACCESS_SHAREABLE
CORTEX_M7.MPU_Control=MPU_PRIVILEGED_DEFAULT
CORTEX_M7.Size_S-Cortex_Memory_Protection_Unit_Region1_Settings_S=MPU_REGION_SIZE_256B
CORTEX_M7.TypeExtField_S-Cortex_Memory_Protection_Unit_Region1_Settings_S=MPU_TEX_LEVEL1
CORTEX_M7.default_mode_Activation=1
Dma.ADC1.2.Direction=DMA_PERIPH_TO_MEMORY
Dma.ADC1.2.EventEnable=DISABLE
Dma.ADC1.2.FIFOMode=DMA_FIFOMODE_DISABLE
Dma.ADC1.2.Instance=DMA1_Stream2
Dma.ADC1.2.MemDataAlignment=DMA_MDATAALIGN_HALFWORD
Dma.ADC1.2.MemInc=DMA_MINC_ENABLE
Dma.ADC1.2.Mode=DMA_CIRCULAR
Dma.ADC1.2.PeriphDataAlignment=DMA_PDATAALIGN_HALFWORD
Dma.ADC1.2.PeriphInc=DMA_PINC_DISABLE
Dma.ADC1.2.Polarity=HAL_DMAMUX_REQ_GEN_RISING
Dma.ADC1.2.Priority=DMA_PRIORITY_LOW
Dma.ADC1.2.RequestNumber=1
Dma.ADC1.2.RequestParameters=Instance,Direction,PeriphInc,MemInc,PeriphDataAlignment,MemDataAlignment,Mode,Priority,FIFOMode,SignalID,Polarity,RequestNumber,SyncSignalID,SyncPolarity,SyncEnable,EventEnable,SyncRequestNumber
Dma.ADC1.2.SignalID=NONE
Dma.ADC1.2.SyncEnable=DISABLE
Dma.ADC1.2.SyncPolarity=HAL_DMAMUX_SYNC_NO_EVENT
Dma.ADC1.2.SyncRequestNumber=1
Dma.ADC1.2.SyncSignalID=NONE
Dma.I2C3_RX.0.Direction=DMA_PERIPH_TO_MEMORY
Dma.I2C3_RX.0.EventEnable=DISABLE
Dma.I2C3_RX.0.FIFOMode=DMA_FIFOMODE_DISABLE
Dma.I2C3_RX.0.Instance=DMA1_Stream0
Dma.I2C3_RX.0.MemDataAlignment=DMA_MDATAALIGN_BYTE
Dma.I2C3_RX.0.MemInc=DMA_MINC_ENABLE
Dma.I2C3_RX.0.Mode=DMA_NORMAL
Dma.I2C3_RX.0.PeriphDataAlignment=DMA_PDATAALIGN_BYTE
Dma.I2C3_RX.0.PeriphInc=DMA_PINC_DISABLE
Dma.I2C3_RX.0.Polarity=HAL_DMAMUX_REQ_GEN_RISING
Dma.I2C3_RX.0.Priority=DMA_PRIORITY_LOW
Dma.I2C3_RX.0.RequestNumber=1
Dma.I2C3_RX.0.RequestParameters=Instance,Direction,PeriphInc,MemInc,PeriphDataAlignment,MemDataAlignment,Mode,Priority,FIFOMode,SignalID,Polarity,RequestNumber,SyncSignalID,SyncPolarity,SyncEnable,EventEnable,SyncRequestNumber
Dma.I2C3_RX.0.SignalID=NONE
Dma.I2C3_RX.0.SyncEnable=DISABLE
Dma.I2C3_RX.0.SyncPolarity=HAL_DMAMUX_SYNC_NO_EVENT
Dma.I2C3_RX.0.SyncRequestNumber=1
Dma.I2C3_RX.0.SyncSignalID=NONE
Dma.I2C3_TX.1.Direction=DMA_MEMORY_TO_PERIPH
Dma.I2C3_TX.1.EventEnable=DISABLE
Dma.I2C3_TX.1.FIFOMode=DMA_FIFOMODE_DISABLE
Dma.I2C3_TX.1.Instance=DMA1_Stream1
Dma.I2C3_TX.1.MemDataAlignment=DMA_MDATAALIGN_BYTE
Dma.I2C3_TX.1.MemInc=DMA_MINC_ENABLE
Dma.I2C3_TX.1.Mode=DMA_NORMAL
Dma.I2C3_TX.1.PeriphDataAlignment=DMA_PDATAALIGN_BYTE
Dma.I2C3_TX.1.PeriphInc=DMA_PINC_DISABLE
Dma.I2C3_TX.1.Polarity=HAL_DMAMUX_REQ_GEN_RISING
Dma.I2C3_TX.1.Priority=DMA_PRIORITY_LOW
Dma.I2C3_TX.1.RequestNumber=1
Dma.I2C3_TX.1.RequestParameters=Instance,Direction,PeriphInc,MemInc,PeriphDataAlignment,MemDataAlignment,Mode,Priority,FIFOMode,SignalID,Polarity,RequestNumber,SyncSignalID,SyncPolarity,SyncEnable,EventEnable,SyncRequestNumber
Dma.I2C3_TX.1.SignalID=NONE
Dma.I2C3_TX.1.SyncEnable=DISABLE
Dma.I2C3_TX.1.SyncPolarity=HAL_DMAMUX_SYNC_NO_EVENT
Dma.I2C3_TX.1.SyncRequestNumber=1
Dma.I2C3_TX.1.SyncSignalID=NONE
Dma.Request0=I2C3_RX
Dma.Request1=I2C3_TX
Dma.Request2=ADC1
Dma.RequestsNb=3
File.Version=6
GPIO.groupedBy=Group By Peripherals
I2C2.I2C_Speed_Mode=I2C_Fast
I2C2.IPParameters=Timing,I2C_Speed_Mode
I2C2.Timing=0x00B03FDB
I2C3.I2C_Speed_Mode=I2C_Fast
I2C3.IPParameters=Timing,I2C_Speed_Mode
I2C3.Timing=0x00B03FDB
IWDG1.IPParameters=Prescaler,Window,Reload
IWDG1.Prescaler=IWDG_PRESCALER_256
IWDG1.Reload=625
IWDG1.Window=4095
KeepUserPlacement=false
MMTAppReg1.MEMORYMAP.AppRegionName=DTCMRAM
MMTAppReg1.MEMORYMAP.ContextName=Cortex-M7NS
MMTAppReg1.MEMORYMAP.CoreName=ARM Cortex-M7
MMTAppReg1.MEMORYMAP.IPParameters=StartAddress,Size,CoreName,ContextName,Name
MMTAppReg1.MEMORYMAP.Name=DTCMRAM
MMTAppReg1.MEMORYMAP.Size=131072
MMTAppReg1.MEMORYMAP.StartAddress=0x20000000
MMTAppReg2.MEMORYMAP.AppRegionName=RAM
MMTAppReg2.MEMORYMAP.ContextName=Cortex-M7NS
MMTAppReg2.MEMORYMAP.CoreName=ARM Cortex-M7
MMTAppReg2.MEMORYMAP.DefaultDataRegion=true
MMTAppReg2.MEMORYMAP.IPParameters=StartAddress,Size,CoreName,ContextName,Name,DefaultDataRegion
MMTAppReg2.MEMORYMAP.Name=RAM
MMTAppReg2.MEMORYMAP.Size=524288
MMTAppReg2.MEMORYMAP.StartAddress=0x24000000
MMTAppReg3.MEMORYMAP.AppRegionName=RAM_D2
MMTAppReg3.MEMORYMAP.ContextName=Cortex-M7NS
MMTAppReg3.MEMORYMAP.CoreName=ARM Cortex-M7
MMTAppReg3.MEMORYMAP.IPParameters=StartAddress,Size,CoreName,ContextName,Name
MMTAppReg3.MEMORYMAP.Name=RAM_D2
MMTAppReg3.MEMORYMAP.Size=294912
MMTAppReg3.MEMORYMAP.StartAddress=0x30000000
MMTAppReg4.MEMORYMAP.AppRegionName=RAM_D3
MMTAppReg4.MEMORYMAP.ContextName=Cortex-M7NS
MMTAppReg4.MEMORYMAP.CoreName=ARM Cortex-M7
MMTAppReg4.MEMORYMAP.IPParameters=StartAddress,Size,CoreName,ContextName,Name
MMTAppReg4.MEMORYMAP.Name=RAM_D3
MMTAppReg4.MEMORYMAP.Size=65536
MMTAppReg4.MEMORYMAP.StartAddress=0x38000000
MMTAppReg5.MEMORYMAP.AppRegionName=ITCMRAM
MMTAppReg5.MEMORYMAP.Cacheability=WTRA
MMTAppReg5.MEMORYMAP.ContextName=Cortex-M7NS
MMTAppReg5.MEMORYMAP.CoreName=ARM Cortex-M7
MMTAppReg5.MEMORYMAP.IPParameters=StartAddress,Size,CoreName,ContextName,Name,Cacheability
MMTAppReg5.MEMORYMAP.Name=ITCMRAM
MMTAppReg5.MEMORYMAP.Size=65536
MMTAppReg5.MEMORYMAP.StartAddress=0x00000000
MMTAppReg6.MEMORYMAP.AP=RO_priv_only
MMTAppReg6.MEMORYMAP.AppRegionName=FLASH
MMTAppReg6.MEMORYMAP.Cacheability=WTRA
MMTAppReg6.MEMORYMAP.ContextName=Cortex-M7NS
MMTAppReg6.MEMORYMAP.CoreName=ARM Cortex-M7
MMTAppReg6.MEMORYMAP.DefaultCodeRegion=true
MMTAppReg6.MEMORYMAP.IPParameters=StartAddress,Size,CoreName,MemType,ContextName,Name,AP,Cacheability,DefaultCodeRegion,ISRRegion,RootBootRegion
MMTAppReg6.MEMORYMAP.ISRRegion=true
MMTAppReg6.MEMORYMAP.MemType=ROM
MMTAppReg6.MEMORYMAP.Name=FLASH
MMTAppReg6.MEMORYMAP.RootBootRegion=true
MMTAppReg6.MEMORYMAP.Size=131072
MMTAppReg6.MEMORYMAP.StartAddress=0x08000000
MMTAppRegionsCount=6
MMTConfigApplied=false
Mcu.CPN=STM32H750VBT6
Mcu.Family=STM32H7
Mcu.IP0=ADC1
Mcu.IP1=ADC3
Mcu.IP10=RCC
Mcu.IP11=SYS
Mcu.IP12=TIM1
Mcu.IP13=TIM2
Mcu.IP14=TIM3
Mcu.IP15=TIM4
Mcu.IP16=TIM7
Mcu.IP17=UART4
Mcu.IP18=UART5
Mcu.IP19=UART7
Mcu.IP2=CORTEX_M7
Mcu.IP20=UART8
Mcu.IP3=DEBUG
Mcu.IP4=DMA
Mcu.IP5=I2C2
Mcu.IP6=I2C3
Mcu.IP7=IWDG1
Mcu.IP8=MEMORYMAP
Mcu.IP9=NVIC
Mcu.IPNb=21
Mcu.Name=STM32H750VBTx
Mcu.Package=LQFP100
Mcu.Pin0=PH0-OSC_IN (PH0)
Mcu.Pin1=PH1-OSC_OUT (PH1)
Mcu.Pin10=PB0
Mcu.Pin11=PB1
Mcu.Pin12=PE7
Mcu.Pin13=PE8
Mcu.Pin14=PE13
Mcu.Pin15=PE14
Mcu.Pin16=PB10
Mcu.Pin17=PB11
Mcu.Pin18=PB12
Mcu.Pin19=PB13
Mcu.Pin2=PC0
Mcu.Pin20=PC9
Mcu.Pin21=PA8
Mcu.Pin22=PA11
Mcu.Pin23=PA12
Mcu.Pin24=PA13 (JTMS/SWDIO)
Mcu.Pin25=PA14 (JTCK/SWCLK)
Mcu.Pin26=PC11
Mcu.Pin27=PC12
Mcu.Pin28=PD0
Mcu.Pin29=PD1
Mcu.Pin3=PC1
Mcu.Pin30=PD2
Mcu.Pin31=PD3
Mcu.Pin32=PD4
Mcu.Pin33=PD5
Mcu.Pin34=PD6
Mcu.Pin35=PD7
Mcu.Pin36=PB3 (JTDO/TRACESWO)
Mcu.Pin37=PB4 (NJTRST)
Mcu.Pin38=PB8
Mcu.Pin39=PB9
Mcu.Pin4=PC3_C
Mcu.Pin40=PE0
Mcu.Pin41=PE1
Mcu.Pin42=VP_IWDG1_VS_IWDG
Mcu.Pin43=VP_SYS_VS_Systick
Mcu.Pin44=VP_TIM1_VS_ClockSourceINT
Mcu.Pin45=VP_TIM2_VS_ClockSourceINT
Mcu.Pin46=VP_TIM3_VS_ClockSourceINT
Mcu.Pin47=VP_TIM4_VS_ClockSourceINT
Mcu.Pin48=VP_TIM7_VS_ClockSourceINT
Mcu.Pin49=VP_MEMORYMAP_VS_MEMORYMAP
Mcu.Pin5=PA2
Mcu.Pin6=PA3
Mcu.Pin7=PA5
Mcu.Pin8=PC4
Mcu.Pin9=PC5
Mcu.PinsNb=50
Mcu.ThirdParty0=STMicroelectronics.X-CUBE-ALGOBUILD.1.4.0
Mcu.ThirdPartyNb=1
Mcu.UserConstants=
Mcu.UserName=STM32H750VBTx
MxCube.Version=6.15.0
MxDb.Version=DB.6.0.150
NVIC.ADC3_IRQn=true\:0\:0\:false\:false\:true\:true\:true\:true
NVIC.ADC_IRQn=true\:0\:0\:false\:false\:true\:true\:true\:true
NVIC.BusFault_IRQn=true\:0\:0\:false\:false\:true\:false\:false\:false
NVIC.DMA1_Stream0_IRQn=true\:0\:0\:false\:false\:true\:false\:true\:true
NVIC.DMA1_Stream1_IRQn=true\:0\:0\:false\:false\:true\:false\:true\:true
NVIC.DMA1_Stream2_IRQn=true\:0\:0\:false\:false\:true\:false\:true\:true
NVIC.DebugMonitor_IRQn=true\:0\:0\:false\:false\:true\:false\:false\:false
NVIC.ForceEnableDMAVector=true
NVIC.HardFault_IRQn=true\:0\:0\:false\:false\:true\:false\:false\:false
NVIC.I2C3_ER_IRQn=true\:0\:0\:false\:false\:true\:true\:true\:true
NVIC.I2C3_EV_IRQn=true\:0\:0\:false\:false\:true\:true\:true\:true
NVIC.MemoryManagement_IRQn=true\:0\:0\:false\:false\:true\:false\:false\:false
NVIC.NonMaskableInt_IRQn=true\:0\:0\:false\:false\:true\:false\:false\:false
NVIC.PendSV_IRQn=true\:0\:0\:false\:false\:true\:false\:false\:false
NVIC.PriorityGroup=NVIC_PRIORITYGROUP_4
NVIC.SVCall_IRQn=true\:0\:0\:false\:false\:true\:false\:false\:false
NVIC.SysTick_IRQn=true\:15\:0\:false\:false\:true\:false\:true\:false
NVIC.TIM7_IRQn=true\:1\:0\:true\:false\:true\:true\:true\:true
NVIC.UsageFault_IRQn=true\:0\:0\:false\:false\:true\:false\:false\:false
PA11.Locked=true
PA11.Mode=Asynchronous
PA11.Signal=UART4_RX
PA12.Locked=true
PA12.Mode=Asynchronous
PA12.Signal=UART4_TX
PA13\ (JTMS/SWDIO).Locked=true
PA13\ (JTMS/SWDIO).Mode=Serial_Wire
PA13\ (JTMS/SWDIO).Signal=DEBUG_JTMS-SWDIO
PA14\ (JTCK/SWCLK).Locked=true
PA14\ (JTCK/SWCLK).Mode=Serial_Wire
PA14\ (JTCK/SWCLK).Signal=DEBUG_JTCK-SWCLK
PA2.Signal=S_TIM2_CH3
PA3.Signal=S_TIM2_CH4
PA5.GPIOParameters=GPIO_Label
PA5.GPIO_Label=A1
PA5.Signal=ADCx_INP19
PA8.Locked=true
PA8.Mode=I2C
PA8.Signal=I2C3_SCL
PB0.GPIOParameters=PinAttribute
PB0.PinAttribute=Free
PB0.Signal=S_TIM3_CH3
PB1.Signal=S_TIM3_CH4
PB10.Mode=I2C
PB10.Signal=I2C2_SCL
PB11.Mode=I2C
PB11.Signal=I2C2_SDA
PB12.Mode=Asynchronous
PB12.Signal=UART5_RX
PB13.Mode=Asynchronous
PB13.Signal=UART5_TX
PB3\ (JTDO/TRACESWO).GPIOParameters=GPIO_Label
PB3\ (JTDO/TRACESWO).GPIO_Label=LED_3
PB3\ (JTDO/TRACESWO).Locked=true
PB3\ (JTDO/TRACESWO).Signal=GPIO_Output
PB4\ (NJTRST).GPIOParameters=GPIO_Label
PB4\ (NJTRST).GPIO_Label=LED_4
PB4\ (NJTRST).Locked=true
PB4\ (NJTRST).Signal=GPIO_Output
PB8.Locked=true
PB8.Signal=S_TIM4_CH3
PB9.Locked=true
PB9.Signal=S_TIM4_CH4
PC0.GPIOParameters=GPIO_Label
PC0.GPIO_Label=A4
PC0.Signal=ADCx_INP10
PC1.GPIOParameters=GPIO_Label
PC1.GPIO_Label=A5
PC1.Signal=ADCx_INP11
PC11.GPIOParameters=GPIO_Label
PC11.GPIO_Label=BTN_8
PC11.Locked=true
PC11.Signal=GPIO_Input
PC12.GPIOParameters=GPIO_Label
PC12.GPIO_Label=BTN_7
PC12.Locked=true
PC12.Signal=GPIO_Input
PC3_C.GPIOParameters=GPIO_Label
PC3_C.GPIO_Label=A6
PC3_C.Mode=IN1-Single-Ended
PC3_C.Signal=ADC3_INP1
PC4.GPIOParameters=GPIO_Label
PC4.GPIO_Label=A2
PC4.Signal=ADCx_INP4
PC5.GPIOParameters=GPIO_Label
PC5.GPIO_Label=A3
PC5.Signal=ADCx_INP8
PC9.Locked=true
PC9.Mode=I2C
PC9.Signal=I2C3_SDA
PD0.GPIOParameters=GPIO_Label
PD0.GPIO_Label=BTN_6
PD0.Locked=true
PD0.Signal=GPIO_Input
PD1.GPIOParameters=GPIO_Label
PD1.GPIO_Label=BTN_5
PD1.Locked=true
PD1.Signal=GPIO_Input
PD2.GPIOParameters=GPIO_Label
PD2.GPIO_Label=BTN_4
PD2.Locked=true
PD2.Signal=GPIO_Input
PD3.GPIOParameters=GPIO_Label
PD3.GPIO_Label=BTN_3
PD3.Locked=true
PD3.Signal=GPIO_Input
PD4.GPIOParameters=GPIO_Label
PD4.GPIO_Label=BTN_2
PD4.Locked=true
PD4.Signal=GPIO_Input
PD5.GPIOParameters=GPIO_Label
PD5.GPIO_Label=BTN_1
PD5.Locked=true
PD5.Signal=GPIO_Input
PD6.GPIOParameters=GPIO_Label
PD6.GPIO_Label=LED_1
PD6.Locked=true
PD6.Signal=GPIO_Output
PD7.GPIOParameters=GPIO_Label
PD7.GPIO_Label=LED_2
PD7.Locked=true
PD7.Signal=GPIO_Output
PE0.Locked=true
PE0.Mode=Asynchronous
PE0.Signal=UART8_RX
PE1.Locked=true
PE1.Mode=Asynchronous
PE1.Signal=UART8_TX
PE13.Signal=S_TIM1_CH3
PE14.Signal=S_TIM1_CH4
PE7.Mode=Asynchronous
PE7.Signal=UART7_RX
PE8.Mode=Asynchronous
PE8.Signal=UART7_TX
PH0-OSC_IN\ (PH0).GPIOParameters=PinAttribute
PH0-OSC_IN\ (PH0).Mode=HSE-External-Oscillator
PH0-OSC_IN\ (PH0).PinAttribute=Free
PH0-OSC_IN\ (PH0).Signal=RCC_OSC_IN
PH1-OSC_OUT\ (PH1).GPIOParameters=PinAttribute
PH1-OSC_OUT\ (PH1).Mode=HSE-External-Oscillator
PH1-OSC_OUT\ (PH1).PinAttribute=Free
PH1-OSC_OUT\ (PH1).Signal=RCC_OSC_OUT
PinOutPanel.RotationAngle=0
ProjectManager.AskForMigrate=true
ProjectManager.BackupPrevious=false
ProjectManager.CompilerLinker=GCC
ProjectManager.CompilerOptimize=6
ProjectManager.ComputerToolchain=false
ProjectManager.CoupleFile=true
ProjectManager.CustomerFirmwarePackage=
ProjectManager.DefaultFWLocation=true
ProjectManager.DeletePrevious=true
ProjectManager.DeviceId=STM32H750VBTx
ProjectManager.FirmwarePackage=STM32Cube FW_H7 V1.12.1
ProjectManager.FreePins=false
ProjectManager.HalAssertFull=false
ProjectManager.HeapSize=0x200
ProjectManager.KeepUserCode=true
ProjectManager.LastFirmware=true
ProjectManager.LibraryCopy=1
ProjectManager.MainLocation=Core/Src
ProjectManager.NoMain=false
ProjectManager.PreviousToolchain=
ProjectManager.ProjectBuild=false
ProjectManager.ProjectFileName=mainboard.ioc
ProjectManager.ProjectName=mainboard
ProjectManager.ProjectStructure=
ProjectManager.RegisterCallBack=
ProjectManager.StackSize=0x400
ProjectManager.TargetToolchain=CMake
ProjectManager.ToolChainLocation=
ProjectManager.UAScriptAfterPath=
ProjectManager.UAScriptBeforePath=
ProjectManager.UnderRoot=false
ProjectManager.functionlistsort=1-SystemClock_Config-RCC-false-HAL-false,2-MX_GPIO_Init-GPIO-false-HAL-true,3-MX_DMA_Init-DMA-false-HAL-true,4-MX_I2C2_Init-I2C2-false-HAL-true,5-MX_I2C3_Init-I2C3-false-HAL-true,6-MX_UART4_Init-UART4-false-HAL-true,7-MX_UART5_Init-UART5-false-HAL-true,8-MX_UART7_Init-UART7-false-HAL-true,9-MX_UART8_Init-UART8-false-HAL-true,10-MX_ADC1_Init-ADC1-false-HAL-true,11-MX_ADC3_Init-ADC3-false-HAL-true,12-MX_TIM1_Init-TIM1-false-HAL-true,13-MX_TIM2_Init-TIM2-false-HAL-true,14-MX_TIM3_Init-TIM3-false-HAL-true,15-MX_TIM4_Init-TIM4-false-HAL-true,16-MX_TIM7_Init-TIM7-false-HAL-true,17-MX_IWDG1_Init-IWDG1-false-HAL-true,0-MX_CORTEX_M7_Init-CORTEX_M7-false-HAL-true
RCC.ADCFreq_Value=80000000
RCC.AHB12Freq_Value=240000000
RCC.AHB4Freq_Value=240000000
RCC.APB1Freq_Value=120000000
RCC.APB2Freq_Value=120000000
RCC.APB3Freq_Value=120000000
RCC.APB4Freq_Value=120000000
RCC.AXIClockFreq_Value=240000000
RCC.CECFreq_Value=32000
RCC.CKPERFreq_Value=64000000
RCC.CortexFreq_Value=480000000
RCC.CpuClockFreq_Value=480000000
RCC.D1CPREFreq_Value=480000000
RCC.D1PPRE=RCC_APB3_DIV2
RCC.D2PPRE1=RCC_APB1_DIV2
RCC.D2PPRE2=RCC_APB2_DIV2
RCC.D3PPRE=RCC_APB4_DIV2
RCC.DFSDMACLkFreq_Value=480000000
RCC.DFSDMFreq_Value=120000000
RCC.DIVM1=4
RCC.DIVM2=4
RCC.DIVN1=60
RCC.DIVN2=10
RCC.DIVP1Freq_Value=480000000
RCC.DIVP2Freq_Value=80000000
RCC.DIVP3Freq_Value=129000000
RCC.DIVQ1Freq_Value=480000000
RCC.DIVQ2Freq_Value=80000000
RCC.DIVQ3Freq_Value=129000000
RCC.DIVR1Freq_Value=480000000
RCC.DIVR2Freq_Value=80000000
RCC.DIVR3Freq_Value=129000000
RCC.FDCANFreq_Value=480000000
RCC.FLatency-AdvancedSettings=FLASH_LATENCY_0
RCC.FMCFreq_Value=240000000
RCC.FamilyName=M
RCC.HCLK3ClockFreq_Value=240000000
RCC.HCLKFreq_Value=240000000
RCC.HPRE=RCC_HCLK_DIV2
RCC.HRTIMFreq_Value=240000000
RCC.HSE_VALUE=48000000
RCC.I2C123Freq_Value=120000000
RCC.I2C4Freq_Value=120000000
RCC.IPParameters=ADCFreq_Value,AHB12Freq_Value,AHB4Freq_Value,APB1Freq_Value,APB2Freq_Value,APB3Freq_Value,APB4Freq_Value,AXIClockFreq_Value,CECFreq_Value,CKPERFreq_Value,CortexFreq_Value,CpuClockFreq_Value,D1CPREFreq_Value,D1PPRE,D2PPRE1,D2PPRE2,D3PPRE,DFSDMACLkFreq_Value,DFSDMFreq_Value,DIVM1,DIVM2,DIVN1,DIVN2,DIVP1Freq_Value,DIVP2Freq_Value,DIVP3Freq_Value,DIVQ1Freq_Value,DIVQ2Freq_Value,DIVQ3Freq_Value,DIVR1Freq_Value,DIVR2Freq_Value,DIVR3Freq_Value,FDCANFreq_Value,FLatency-AdvancedSettings,FMCFreq_Value,FamilyName,HCLK3ClockFreq_Value,HCLKFreq_Value,HPRE,HRTIMFreq_Value,HSE_VALUE,I2C123Freq_Value,I2C4Freq_Value,LPTIM1Freq_Value,LPTIM2Freq_Value,LPTIM345Freq_Value,LPUART1Freq_Value,LTDCFreq_Value,MCO1PinFreq_Value,MCO2PinFreq_Value,PLL1_VCI_Range-AdvancedSettings,PLL1_VCO_SEL-AdvancedSettings,PLL2FRACN,PLL2_VCI_Range-AdvancedSettings,PLL3_VCI_Range-AdvancedSettings,PLLFRACN,QSPIFreq_Value,RNGFreq_Value,RTCFreq_Value,SAI1Freq_Value,SAI23Freq_Value,SAI4AFreq_Value,SAI4BFreq_Value,SDMMCFreq_Value,SPDIFRXFreq_Value,SPI123Freq_Value,SPI45Freq_Value,SPI6Freq_Value,SWPMI1Freq_Value,SYSCLKFreq_VALUE,SYSCLKSource,Tim1OutputFreq_Value,Tim2OutputFreq_Value,TraceFreq_Value,USART16Freq_Value,USART234578Freq_Value,USBFreq_Value,VCO1OutputFreq_Value,VCO2OutputFreq_Value,VCO3OutputFreq_Value,VCOInput1Freq_Value,VCOInput2Freq_Value,VCOInput3Freq_Value
RCC.LPTIM1Freq_Value=120000000
RCC.LPTIM2Freq_Value=120000000
RCC.LPTIM345Freq_Value=120000000
RCC.LPUART1Freq_Value=120000000
RCC.LTDCFreq_Value=129000000
RCC.MCO1PinFreq_Value=64000000
RCC.MCO2PinFreq_Value=480000000
RCC.PLL1_VCI_Range-AdvancedSettings=RCC_PLL1VCIRANGE_1
RCC.PLL1_VCO_SEL-AdvancedSettings=RCC_PLL1VCOMEDIUM
RCC.PLL2FRACN=0
RCC.PLL2_VCI_Range-AdvancedSettings=RCC_PLL2VCIRANGE_0
RCC.PLL3_VCI_Range-AdvancedSettings=RCC_PLL3VCIRANGE_0
RCC.PLLFRACN=0
RCC.QSPIFreq_Value=240000000
RCC.RNGFreq_Value=48000000
RCC.RTCFreq_Value=32000
RCC.SAI1Freq_Value=480000000
RCC.SAI23Freq_Value=480000000
RCC.SAI4AFreq_Value=480000000
RCC.SAI4BFreq_Value=480000000
RCC.SDMMCFreq_Value=480000000
RCC.SPDIFRXFreq_Value=480000000
RCC.SPI123Freq_Value=480000000
RCC.SPI45Freq_Value=120000000
RCC.SPI6Freq_Value=120000000
RCC.SWPMI1Freq_Value=120000000
RCC.SYSCLKFreq_VALUE=480000000
RCC.SYSCLKSource=RCC_SYSCLKSOURCE_PLLCLK
RCC.Tim1OutputFreq_Value=240000000
RCC.Tim2OutputFreq_Value=240000000
RCC.TraceFreq_Value=480000000
RCC.USART16Freq_Value=120000000
RCC.USART234578Freq_Value=120000000
RCC.USBFreq_Value=480000000
RCC.VCO1OutputFreq_Value=960000000
RCC.VCO2OutputFreq_Value=160000000
RCC.VCO3OutputFreq_Value=258000000
RCC.VCOInput1Freq_Value=16000000
RCC.VCOInput2Freq_Value=16000000
RCC.VCOInput3Freq_Value=2000000
SH.ADCx_INP10.0=ADC1_INP10,IN10-Single-Ended
SH.ADCx_INP10.ConfNb=1
SH.ADCx_INP11.0=ADC1_INP11,IN11-Single-Ended
SH.ADCx_INP11.ConfNb=1
SH.ADCx_INP19.0=ADC1_INP19,IN19-Single-Ended
SH.ADCx_INP19.ConfNb=1
SH.ADCx_INP4.0=ADC1_INP4,IN4-Single-Ended
SH.ADCx_INP4.ConfNb=1
SH.ADCx_INP8.0=ADC1_INP8,IN8-Single-Ended
SH.ADCx_INP8.ConfNb=1
SH.S_TIM1_CH3.0=TIM1_CH3,PWM Generation3 CH3
SH.S_TIM1_CH3.ConfNb=1
SH.S_TIM1_CH4.0=TIM1_CH4,PWM Generation4 CH4
SH.S_TIM1_CH4.ConfNb=1
SH.S_TIM2_CH3.0=TIM2_CH3,PWM Generation3 CH3
SH.S_TIM2_CH3.ConfNb=1
SH.S_TIM2_CH4.0=TIM2_CH4,PWM Generation4 CH4
SH.S_TIM2_CH4.ConfNb=1
SH.S_TIM3_CH3.0=TIM3_CH3,PWM Generation3 CH3
SH.S_TIM3_CH3.ConfNb=1
SH.S_TIM3_CH4.0=TIM3_CH4,PWM Generation4 CH4
SH.S_TIM3_CH4.ConfNb=1
SH.S_TIM4_CH3.0=TIM4_CH3,PWM Generation3 CH3
SH.S_TIM4_CH3.ConfNb=1
SH.S_TIM4_CH4.0=TIM4_CH4,PWM Generation4 CH4
SH.S_TIM4_CH4.ConfNb=1
STMicroelectronics.X-CUBE-ALGOBUILD.1.4.0.DSPOoLibraryJjLibrary_Checked=false
STMicroelectronics.X-CUBE-ALGOBUILD.1.4.0_SwParameter=LibraryCcDSPOoLibraryJjDSPOoLibrary\:true;
TIM1.AutoReloadPreload=TIM_AUTORELOAD_PRELOAD_ENABLE
TIM1.Channel-PWM\ Generation3\ CH3=TIM_CHANNEL_3
TIM1.Channel-PWM\ Generation4\ CH4=TIM_CHANNEL_4
TIM1.IPParameters=Channel-PWM Generation4 CH4,Channel-PWM Generation3 CH3,Period,AutoReloadPreload,Prescaler
TIM1.Period=1000 - 1
TIM1.Prescaler=24 - 1
TIM2.AutoReloadPreload=TIM_AUTORELOAD_PRELOAD_ENABLE
TIM2.Channel-PWM\ Generation3\ CH3=TIM_CHANNEL_3
TIM2.Channel-PWM\ Generation4\ CH4=TIM_CHANNEL_4
TIM2.IPParameters=Period,Channel-PWM Generation3 CH3,AutoReloadPreload,Channel-PWM Generation4 CH4,Prescaler
TIM2.Period=1000 - 1
TIM2.Prescaler=24 - 1
TIM3.AutoReloadPreload=TIM_AUTORELOAD_PRELOAD_ENABLE
TIM3.Channel-PWM\ Generation3\ CH3=TIM_CHANNEL_3
TIM3.Channel-PWM\ Generation4\ CH4=TIM_CHANNEL_4
TIM3.IPParameters=Channel-PWM Generation3 CH3,Channel-PWM Generation4 CH4,Period,AutoReloadPreload,Prescaler
TIM3.Period=1000 - 1
TIM3.Prescaler=24 - 1
TIM4.AutoReloadPreload=TIM_AUTORELOAD_PRELOAD_ENABLE
TIM4.Channel-PWM\ Generation3\ CH3=TIM_CHANNEL_3
TIM4.Channel-PWM\ Generation4\ CH4=TIM_CHANNEL_4
TIM4.IPParameters=Channel-PWM Generation3 CH3,Channel-PWM Generation4 CH4,Period,AutoReloadPreload,Prescaler
TIM4.Period=1000 - 1
TIM4.Prescaler=24 - 1
TIM7.AutoReloadPreload=TIM_AUTORELOAD_PRELOAD_ENABLE
TIM7.IPParameters=Prescaler,Period,AutoReloadPreload
TIM7.Period=100 - 1
TIM7.Prescaler=24000 - 1
UART4.BaudRate=9600
UART4.IPParameters=BaudRate
UART7.BaudRate=9600
UART7.IPParameters=BaudRate
UART8.BaudRate=9600
UART8.IPParameters=BaudRate
VP_IWDG1_VS_IWDG.Mode=IWDG_Activate
VP_IWDG1_VS_IWDG.Signal=IWDG1_VS_IWDG
VP_MEMORYMAP_VS_MEMORYMAP.Mode=CurAppReg
VP_MEMORYMAP_VS_MEMORYMAP.Signal=MEMORYMAP_VS_MEMORYMAP
VP_SYS_VS_Systick.Mode=SysTick
VP_SYS_VS_Systick.Signal=SYS_VS_Systick
VP_TIM1_VS_ClockSourceINT.Mode=Internal
VP_TIM1_VS_ClockSourceINT.Signal=TIM1_VS_ClockSourceINT
VP_TIM2_VS_ClockSourceINT.Mode=Internal
VP_TIM2_VS_ClockSourceINT.Signal=TIM2_VS_ClockSourceINT
VP_TIM3_VS_ClockSourceINT.Mode=Internal
VP_TIM3_VS_ClockSourceINT.Signal=TIM3_VS_ClockSourceINT
VP_TIM4_VS_ClockSourceINT.Mode=Internal
VP_TIM4_VS_ClockSourceINT.Signal=TIM4_VS_ClockSourceINT
VP_TIM7_VS_ClockSourceINT.Mode=Enable_Timer
VP_TIM7_VS_ClockSourceINT.Signal=TIM7_VS_ClockSourceINT
board=custom
